
Microsoft Visual Studio Solution File, Format Version 12.00
# Visual Studio Version 16
VisualStudioVersion = 16.0.31911.196
MinimumVisualStudioVersion = 10.0.40219.1
Project("{FAE04EC0-301F-11D3-BF4B-00C04F79EFBC}") = "State of South Carolina Legislature Browser", "State of South Carolina Legislature Browser\State of South Carolina Legislature Browser.csproj", "{8E662868-F54E-418A-B8B9-D2A7D443DDAC}"
EndProject
Global
	GlobalSection(SolutionConfigurationPlatforms) = preSolution
		Debug|Any CPU = Debug|Any CPU
		Release|Any CPU = Release|Any CPU
	EndGlobalSection
	GlobalSection(ProjectConfigurationPlatforms) = postSolution
		{8E662868-F54E-418A-B8B9-D2A7D443DDAC}.Debug|Any CPU.ActiveCfg = Debug|Any CPU
		{8E662868-F54E-418A-B8B9-D2A7D443DDAC}.Debug|Any CPU.Build.0 = Debug|Any CPU
		{8E662868-F54E-418A-B8B9-D2A7D443DDAC}.Release|Any CPU.ActiveCfg = Release|Any CPU
		{8E662868-F54E-418A-B8B9-D2A7D443DDAC}.Release|Any CPU.Build.0 = Release|Any CPU
	EndGlobalSection
	GlobalSection(SolutionProperties) = preSolution
		HideSolutionNode = FALSE
	EndGlobalSection
	GlobalSection(ExtensibilityGlobals) = postSolution
		SolutionGuid = {8042A650-683C-4250-9523-06F2A5CDEDE6}
	EndGlobalSection
EndGlobal
